
Microsoft Visual Studio Solution File, Format Version 12.00
# Visual Studio Version 16
VisualStudioVersion = 16.0.29519.87
MinimumVisualStudioVersion = 10.0.40219.1
Project("{FAE04EC0-301F-11D3-BF4B-00C04F79EFBC}") = "SRS-IN-JSON-AND-AJAX-USING-WEAPI", "SRS-IN-JSON-AND-AJAX-USING-WEAPI\SRS-IN-JSON-AND-AJAX-USING-WEAPI.csproj", "{2DAA6F39-E576-4531-9456-C7A511C1598E}"
EndProject
Global
	GlobalSection(SolutionConfigurationPlatforms) = preSolution
		Debug|Any CPU = Debug|Any CPU
		Release|Any CPU = Release|Any CPU
	EndGlobalSection
	GlobalSection(ProjectConfigurationPlatforms) = postSolution
		{2DAA6F39-E576-4531-9456-C7A511C1598E}.Debug|Any CPU.ActiveCfg = Debug|Any CPU
		{2DAA6F39-E576-4531-9456-C7A511C1598E}.Debug|Any CPU.Build.0 = Debug|Any CPU
		{2DAA6F39-E576-4531-9456-C7A511C1598E}.Release|Any CPU.ActiveCfg = Release|Any CPU
		{2DAA6F39-E576-4531-9456-C7A511C1598E}.Release|Any CPU.Build.0 = Release|Any CPU
	EndGlobalSection
	GlobalSection(SolutionProperties) = preSolution
		HideSolutionNode = FALSE
	EndGlobalSection
	GlobalSection(ExtensibilityGlobals) = postSolution
		SolutionGuid = {1D29197A-B785-4CD2-A718-B515A27BDB9A}
	EndGlobalSection
EndGlobal
